// !$*UTF8*$!
{
	archiveVersion = 1;
	classes = {
	};
	objectVersion = 77;
	objects = {

/* Begin PBXBuildFile section */
		921E8B422F0689FE0074FAD6 /* RevenueCat in Frameworks */ = {isa = PBXBuildFile; productRef = 921E8B412F0689FE0074FAD6 /* RevenueCat */; };
		9299C5E22EE62EEA00F0A85E /* FirebaseAuth in Frameworks */ = {isa = PBXBuildFile; productRef = 9299C5E12EE62EEA00F0A85E /* FirebaseAuth */; };
		9299C5E42EE62EEA00F0A85E /* FirebaseAuthCombine-Community in Frameworks */ = {isa = PBXBuildFile; productRef = 9299C5E32EE62EEA00F0A85E /* FirebaseAuthCombine-Community */; };
		9299C5E62EE62EEA00F0A85E /* FirebaseDatabase in Frameworks */ = {isa = PBXBuildFile; productRef = 9299C5E52EE62EEA00F0A85E /* FirebaseDatabase */; };
		9299C5E82EE62EEA00F0A85E /* FirebaseFirestore in Frameworks */ = {isa = PBXBuildFile; productRef = 9299C5E72EE62EEA00F0A85E /* FirebaseFirestore */; };
		9299C5EA2EE62EEA00F0A85E /* FirebaseFunctions in Frameworks */ = {isa = PBXBuildFile; productRef = 9299C5E92EE62EEA00F0A85E /* FirebaseFunctions */; };
		9299C5EC2EE62EEA00F0A85E /* FirebaseStorage in Frameworks */ = {isa = PBXBuildFile; productRef = 9299C5EB2EE62EEA00F0A85E /* FirebaseStorage */; };
/* End PBXBuildFile section */

/* Begin PBXContainerItemProxy section */
		927ABE2A2EE0417A005812CB /* PBXContainerItemProxy */ = {
			isa = PBXContainerItemProxy;
			containerPortal = 927ABE142EE04178005812CB /* Project object */;
			proxyType = 1;
			remoteGlobalIDString = 927ABE1B2EE04178005812CB;
			remoteInfo = EloApp;
		};
		927ABE342EE0417A005812CB /* PBXContainerItemProxy */ = {
			isa = PBXContainerItemProxy;
			containerPortal = 927ABE142EE04178005812CB /* Project object */;
			proxyType = 1;
			remoteGlobalIDString = 927ABE1B2EE04178005812CB;
			remoteInfo = EloApp;
		};
/* End PBXContainerItemProxy section */

/* Begin PBXFileReference section */
		927ABE1C2EE04178005812CB /* EloApp.app */ = {isa = PBXFileReference; explicitFileType = wrapper.application; includeInIndex = 0; path = EloApp.app; sourceTree = BUILT_PRODUCTS_DIR; };
		927ABE292EE0417A005812CB /* EloAppTests.xctest */ = {isa = PBXFileReference; explicitFileType = wrapper.cfbundle; includeInIndex = 0; path = EloAppTests.xctest; sourceTree = BUILT_PRODUCTS_DIR; };
		927ABE332EE0417A005812CB /* EloAppUITests.xctest */ = {isa = PBXFileReference; explicitFileType = wrapper.cfbundle; includeInIndex = 0; path = EloAppUITests.xctest; sourceTree = BUILT_PRODUCTS_DIR; };
/* End PBXFileReference section */

/* Begin PBXFileSystemSynchronizedRootGroup section */
		927ABE1E2EE04178005812CB /* EloApp */ = {
			isa = PBXFileSystemSynchronizedRootGroup;
			path = EloApp;
			sourceTree = "<group>";
		};
		927ABE2C2EE0417A005812CB /* EloAppTests */ = {
			isa = PBXFileSystemSynchronizedRootGroup;
			path = EloAppTests;
			sourceTree = "<group>";
		};
		927ABE362EE0417A005812CB /* EloAppUITests */ = {
			isa = PBXFileSystemSynchronizedRootGroup;
			path = EloAppUITests;
			sourceTree = "<group>";
		};
/* End PBXFileSystemSynchronizedRootGroup section */

/* Begin PBXFrameworksBuildPhase section */
		927ABE192EE04178005812CB /* Frameworks */ = {
			isa = PBXFrameworksBuildPhase;
			buildActionMask = 2147483647;
			files = (
				9299C5E62EE62EEA00F0A85E /* FirebaseDatabase in Frameworks */,
				9299C5E82EE62EEA00F0A85E /* FirebaseFirestore in Frameworks */,
				921E8B422F0689FE0074FAD6 /* RevenueCat in Frameworks */,
				9299C5EA2EE62EEA00F0A85E /* FirebaseFunctions in Frameworks */,
				9299C5E22EE62EEA00F0A85E /* FirebaseAuth in Frameworks */,
				9299C5E42EE62EEA00F0A85E /* FirebaseAuthCombine-Community in Frameworks */,
				9299C5EC2EE62EEA00F0A85E /* FirebaseStorage in Frameworks */,
			);
			runOnlyForDeploymentPostprocessing = 0;
		};
		927ABE262EE0417A005812CB /* Frameworks */ = {
			isa = PBXFrameworksBuildPhase;
			buildActionMask = 2147483647;
			files = (
			);
			runOnlyForDeploymentPostprocessing = 0;
		};
		927ABE302EE0417A005812CB /* Frameworks */ = {
			isa = PBXFrameworksBuildPhase;
			buildActionMask = 2147483647;
			files = (
			);
			runOnlyForDeploymentPostprocessing = 0;
		};
/* End PBXFrameworksBuildPhase section */

/* Begin PBXGroup section */
		927ABE132EE04178005812CB = {
			isa = PBXGroup;
			children = (
				927ABE1E2EE04178005812CB /* EloApp */,
				927ABE2C2EE0417A005812CB /* EloAppTests */,
				927ABE362EE0417A005812CB /* EloAppUITests */,
				927ABE1D2EE04178005812CB /* Products */,
			);
			sourceTree = "<group>";
		};
		927ABE1D2EE04178005812CB /* Products */ = {
			isa = PBXGroup;
			children = (
				927ABE1C2EE04178005812CB /* EloApp.app */,
				927ABE292EE0417A005812CB /* EloAppTests.xctest */,
				927ABE332EE0417A005812CB /* EloAppUITests.xctest */,
			);
			name = Products;
			sourceTree = "<group>";
		};
/* End PBXGroup section */

/* Begin PBXNativeTarget section */
		927ABE1B2EE04178005812CB /* EloApp */ = {
			isa = PBXNativeTarget;
			buildConfigurationList = 927ABE3D2EE0417A005812CB /* Build configuration list for PBXNativeTarget "EloApp" */;
			buildPhases = (
				927ABE182EE04178005812CB /* Sources */,
				927ABE192EE04178005812CB /* Frameworks */,
				927ABE1A2EE04178005812CB /* Resources */,
			);
			buildRules = (
			);
			dependencies = (
			);
			fileSystemSynchronizedGroups = (
				927ABE1E2EE04178005812CB /* EloApp */,
			);
			name = EloApp;
			packageProductDependencies = (
				9299C5E12EE62EEA00F0A85E /* FirebaseAuth */,
				9299C5E32EE62EEA00F0A85E /* FirebaseAuthCombine-Community */,
				9299C5E52EE62EEA00F0A85E /* FirebaseDatabase */,
				9299C5E72EE62EEA00F0A85E /* FirebaseFirestore */,
				9299C5E92EE62EEA00F0A85E /* FirebaseFunctions */,
				9299C5EB2EE62EEA00F0A85E /* FirebaseStorage */,
				921E8B412F0689FE0074FAD6 /* RevenueCat */,
			);
			productName = EloApp;
			productReference = 927ABE1C2EE04178005812CB /* EloApp.app */;
			productType = "com.apple.product-type.application";
		};
		927ABE282EE0417A005812CB /* EloAppTests */ = {
			isa = PBXNativeTarget;
			buildConfigurationList = 927ABE402EE0417A005812CB /* Build configuration list for PBXNativeTarget "EloAppTests" */;
			buildPhases = (
				927ABE252EE0417A005812CB /* Sources */,
				927ABE262EE0417A005812CB /* Frameworks */,
				927ABE272EE0417A005812CB /* Resources */,
			);
			buildRules = (
			);
			dependencies = (
				927ABE2B2EE0417A005812CB /* PBXTargetDependency */,
			);
			fileSystemSynchronizedGroups = (
				927ABE2C2EE0417A005812CB /* EloAppTests */,
			);
			name = EloAppTests;
			packageProductDependencies = (
			);
			productName = EloAppTests;
			productReference = 927ABE292EE0417A005812CB /* EloAppTests.xctest */;
			productType = "com.apple.product-type.bundle.unit-test";
		};
		927ABE322EE0417A005812CB /* EloAppUITests */ = {
			isa = PBXNativeTarget;
			buildConfigurationList = 927ABE432EE0417A005812CB /* Build configuration list for PBXNativeTarget "EloAppUITests" */;
			buildPhases = (
				927ABE2F2EE0417A005812CB /* Sources */,
				927ABE302EE0417A005812CB /* Frameworks */,
				927ABE312EE0417A005812CB /* Resources */,
			);
			buildRules = (
			);
			dependencies = (
				927ABE352EE0417A005812CB /* PBXTargetDependency */,
			);
			fileSystemSynchronizedGroups = (
				927ABE362EE0417A005812CB /* EloAppUITests */,
			);
			name = EloAppUITests;
			packageProductDependencies = (
			);
			productName = EloAppUITests;
			productReference = 927ABE332EE0417A005812CB /* EloAppUITests.xctest */;
			productType = "com.apple.product-type.bundle.ui-testing";
		};
/* End PBXNativeTarget section */

/* Begin PBXProject section */
		927ABE142EE04178005812CB /* Project object */ = {
			isa = PBXProject;
			attributes = {
				BuildIndependentTargetsInParallel = 1;
				LastSwiftUpdateCheck = 2610;
				LastUpgradeCheck = 2620;
				TargetAttributes = {
					927ABE1B2EE04178005812CB = {
						CreatedOnToolsVersion = 26.1.1;
					};
					927ABE282EE0417A005812CB = {
						CreatedOnToolsVersion = 26.1.1;
						TestTargetID = 927ABE1B2EE04178005812CB;
					};
					927ABE322EE0417A005812CB = {
						CreatedOnToolsVersion = 26.1.1;
						TestTargetID = 927ABE1B2EE04178005812CB;
					};
				};
			};
			buildConfigurationList = 927ABE172EE04178005812CB /* Build configuration list for PBXProject "EloApp" */;
			developmentRegion = en;
			hasScannedForEncodings = 0;
			knownRegions = (
				en,
				Base,
			);
			mainGroup = 927ABE132EE04178005812CB;
			minimizedProjectReferenceProxies = 1;
			packageReferences = (
				9299C5E02EE62EE900F0A85E /* XCRemoteSwiftPackageReference "firebase-ios-sdk" */,
				921E8B402F0689FE0074FAD6 /* XCRemoteSwiftPackageReference "purchases-ios" */,
			);
			preferredProjectObjectVersion = 77;
			productRefGroup = 927ABE1D2EE04178005812CB /* Products */;
			projectDirPath = "";
			projectRoot = "";
			targets = (
				927ABE1B2EE04178005812CB /* EloApp */,
				927ABE282EE0417A005812CB /* EloAppTests */,
				927ABE322EE0417A005812CB /* EloAppUITests */,
			);
		};
/* End PBXProject section */

/* Begin PBXResourcesBuildPhase section */
		927ABE1A2EE04178005812CB /* Resources */ = {
			isa = PBXResourcesBuildPhase;
			buildActionMask = 2147483647;
			files = (
			);
			runOnlyForDeploymentPostprocessing = 0;
		};
		927ABE272EE0417A005812CB /* Resources */ = {
			isa = PBXResourcesBuildPhase;
			buildActionMask = 2147483647;
			files = (
			);
			runOnlyForDeploymentPostprocessing = 0;
		};
		927ABE312EE0417A005812CB /* Resources */ = {
			isa = PBXResourcesBuildPhase;
			buildActionMask = 2147483647;
			files = (
			);
			runOnlyForDeploymentPostprocessing = 0;
		};
/* End PBXResourcesBuildPhase section */

/* Begin PBXSourcesBuildPhase section */
		927ABE182EE04178005812CB /* Sources */ = {
			isa = PBXSourcesBuildPhase;
			buildActionMask = 2147483647;
			files = (
			);
			runOnlyForDeploymentPostprocessing = 0;
		};
		927ABE252EE0417A005812CB /* Sources */ = {
			isa = PBXSourcesBuildPhase;
			buildActionMask = 2147483647;
			files = (
			);
			runOnlyForDeploymentPostprocessing = 0;
		};
		927ABE2F2EE0417A005812CB /* Sources */ = {
			isa = PBXSourcesBuildPhase;
			buildActionMask = 2147483647;
			files = (
			);
			runOnlyForDeploymentPostprocessing = 0;
		};
/* End PBXSourcesBuildPhase section */

/* Begin PBXTargetDependency section */
		927ABE2B2EE0417A005812CB /* PBXTargetDependency */ = {
			isa = PBXTargetDependency;
			target = 927ABE1B2EE04178005812CB /* EloApp */;
			targetProxy = 927ABE2A2EE0417A005812CB /* PBXContainerItemProxy */;
		};
		927ABE352EE0417A005812CB /* PBXTargetDependency */ = {
			isa = PBXTargetDependency;
			target = 927ABE1B2EE04178005812CB /* EloApp */;
			targetProxy = 927ABE342EE0417A005812CB /* PBXContainerItemProxy */;
		};
/* End PBXTargetDependency section */

/* Begin XCBuildConfiguration section */
		927ABE3B2EE0417A005812CB /* Debug */ = {
			isa = XCBuildConfiguration;
			buildSettings = {
				ALWAYS_SEARCH_USER_PATHS = NO;
				ASSETCATALOG_COMPILER_GENERATE_SWIFT_ASSET_SYMBOL_EXTENSIONS = YES;
				CLANG_ANALYZER_NONNULL = YES;
				CLANG_ANALYZER_NUMBER_OBJECT_CONVERSION = YES_AGGRESSIVE;
				CLANG_CXX_LANGUAGE_STANDARD = "gnu++20";
				CLANG_ENABLE_MODULES = YES;
				CLANG_ENABLE_OBJC_ARC = YES;
				CLANG_ENABLE_OBJC_WEAK = YES;
				CLANG_WARN_BLOCK_CAPTURE_AUTORELEASING = YES;
				CLANG_WARN_BOOL_CONVERSION = YES;
				CLANG_WARN_COMMA = YES;
				CLANG_WARN_CONSTANT_CONVERSION = YES;
				CLANG_WARN_DEPRECATED_OBJC_IMPLEMENTATIONS = YES;
				CLANG_WARN_DIRECT_OBJC_ISA_USAGE = YES_ERROR;
				CLANG_WARN_DOCUMENTATION_COMMENTS = YES;
				CLANG_WARN_EMPTY_BODY = YES;
				CLANG_WARN_ENUM_CONVERSION = YES;
				CLANG_WARN_INFINITE_RECURSION = YES;
				CLANG_WARN_INT_CONVERSION = YES;
				CLANG_WARN_NON_LITERAL_NULL_CONVERSION = YES;
				CLANG_WARN_OBJC_IMPLICIT_RETAIN_SELF = YES;
				CLANG_WARN_OBJC_LITERAL_CONVERSION = YES;
				CLANG_WARN_OBJC_ROOT_CLASS = YES_ERROR;
				CLANG_WARN_QUOTED_INCLUDE_IN_FRAMEWORK_HEADER = YES;
				CLANG_WARN_RANGE_LOOP_ANALYSIS = YES;
				CLANG_WARN_STRICT_PROTOTYPES = YES;
				CLANG_WARN_SUSPICIOUS_MOVE = YES;
				CLANG_WARN_UNGUARDED_AVAILABILITY = YES_AGGRESSIVE;
				CLANG_WARN_UNREACHABLE_CODE = YES;
				CLANG_WARN__DUPLICATE_METHOD_MATCH = YES;
				COPY_PHASE_STRIP = NO;
				DEBUG_INFORMATION_FORMAT = dwarf;
				DEVELOPMENT_TEAM = 7ZX376GC28;
				ENABLE_STRICT_OBJC_MSGSEND = YES;
				ENABLE_TESTABILITY = YES;
				ENABLE_USER_SCRIPT_SANDBOXING = YES;
				GCC_C_LANGUAGE_STANDARD = gnu17;
				GCC_DYNAMIC_NO_PIC = NO;
				GCC_NO_COMMON_BLOCKS = YES;
				GCC_OPTIMIZATION_LEVEL = 0;
				GCC_PREPROCESSOR_DEFINITIONS = (
					"DEBUG=1",
					"$(inherited)",
				);
				GCC_WARN_64_TO_32_BIT_CONVERSION = YES;
				GCC_WARN_ABOUT_RETURN_TYPE = YES_ERROR;
				GCC_WARN_UNDECLARED_SELECTOR = YES;
				GCC_WARN_UNINITIALIZED_AUTOS = YES_AGGRESSIVE;
				GCC_WARN_UNUSED_FUNCTION = YES;
				GCC_WARN_UNUSED_VARIABLE = YES;
				IPHONEOS_DEPLOYMENT_TARGET = 26.1;
				LOCALIZATION_PREFERS_STRING_CATALOGS = YES;
				MTL_ENABLE_DEBUG_INFO = INCLUDE_SOURCE;
				MTL_FAST_MATH = YES;
				ONLY_ACTIVE_ARCH = YES;
				SDKROOT = iphoneos;
				STRING_CATALOG_GENERATE_SYMBOLS = YES;
				SWIFT_ACTIVE_COMPILATION_CONDITIONS = "DEBUG $(inherited)";
				SWIFT_OPTIMIZATION_LEVEL = "-Onone";
			};
			name = Debug;
		};
		927ABE3C2EE0417A005812CB /* Release */ = {
			isa = XCBuildConfiguration;
			buildSettings = {
				ALWAYS_SEARCH_USER_PATHS = NO;
				ASSETCATALOG_COMPILER_GENERATE_SWIFT_ASSET_SYMBOL_EXTENSIONS = YES;
				CLANG_ANALYZER_NONNULL = YES;
				CLANG_ANALYZER_NUMBER_OBJECT_CONVERSION = YES_AGGRESSIVE;
				CLANG_CXX_LANGUAGE_STANDARD = "gnu++20";
				CLANG_ENABLE_MODULES = YES;
				CLANG_ENABLE_OBJC_ARC = YES;
				CLANG_ENABLE_OBJC_WEAK = YES;
				CLANG_WARN_BLOCK_CAPTURE_AUTORELEASING = YES;
				CLANG_WARN_BOOL_CONVERSION = YES;
				CLANG_WARN_COMMA = YES;
				CLANG_WARN_CONSTANT_CONVERSION = YES;
				CLANG_WARN_DEPRECATED_OBJC_IMPLEMENTATIONS = YES;
				CLANG_WARN_DIRECT_OBJC_ISA_USAGE = YES_ERROR;
				CLANG_WARN_DOCUMENTATION_COMMENTS = YES;
				CLANG_WARN_EMPTY_BODY = YES;
				CLANG_WARN_ENUM_CONVERSION = YES;
				CLANG_WARN_INFINITE_RECURSION = YES;
				CLANG_WARN_INT_CONVERSION = YES;
				CLANG_WARN_NON_LITERAL_NULL_CONVERSION = YES;
				CLANG_WARN_OBJC_IMPLICIT_RETAIN_SELF = YES;
				CLANG_WARN_OBJC_LITERAL_CONVERSION = YES;
				CLANG_WARN_OBJC_ROOT_CLASS = YES_ERROR;
				CLANG_WARN_QUOTED_INCLUDE_IN_FRAMEWORK_HEADER = YES;
				CLANG_WARN_RANGE_LOOP_ANALYSIS = YES;
				CLANG_WARN_STRICT_PROTOTYPES = YES;
				CLANG_WARN_SUSPICIOUS_MOVE = YES;
				CLANG_WARN_UNGUARDED_AVAILABILITY = YES_AGGRESSIVE;
				CLANG_WARN_UNREACHABLE_CODE = YES;
				CLANG_WARN__DUPLICATE_METHOD_MATCH = YES;
				COPY_PHASE_STRIP = NO;
				DEBUG_INFORMATION_FORMAT = "dwarf-with-dsym";
				DEVELOPMENT_TEAM = 7ZX376GC28;
				ENABLE_NS_ASSERTIONS = NO;
				ENABLE_STRICT_OBJC_MSGSEND = YES;
				ENABLE_USER_SCRIPT_SANDBOXING = YES;
				GCC_C_LANGUAGE_STANDARD = gnu17;
				GCC_NO_COMMON_BLOCKS = YES;
				GCC_WARN_64_TO_32_BIT_CONVERSION = YES;
				GCC_WARN_ABOUT_RETURN_TYPE = YES_ERROR;
				GCC_WARN_UNDECLARED_SELECTOR = YES;
				GCC_WARN_UNINITIALIZED_AUTOS = YES_AGGRESSIVE;
				GCC_WARN_UNUSED_FUNCTION = YES;
				GCC_WARN_UNUSED_VARIABLE = YES;
				IPHONEOS_DEPLOYMENT_TARGET = 26.1;
				LOCALIZATION_PREFERS_STRING_CATALOGS = YES;
				MTL_ENABLE_DEBUG_INFO = NO;
				MTL_FAST_MATH = YES;
				SDKROOT = iphoneos;
				STRING_CATALOG_GENERATE_SYMBOLS = YES;
				SWIFT_COMPILATION_MODE = wholemodule;
				VALIDATE_PRODUCT = YES;
			};
			name = Release;
		};
		927ABE3E2EE0417A005812CB /* Debug */ = {
			isa = XCBuildConfiguration;
			buildSettings = {
				ASSETCATALOG_COMPILER_APPICON_NAME = AppIcon;
				ASSETCATALOG_COMPILER_GLOBAL_ACCENT_COLOR_NAME = AccentColor;
				CODE_SIGN_STYLE = Automatic;
				CURRENT_PROJECT_VERSION = 1;
				DEVELOPMENT_TEAM = 7ZX376GC28;
				ENABLE_PREVIEWS = YES;
				GENERATE_INFOPLIST_FILE = YES;
				INFOPLIST_KEY_NSMicrophoneUsageDescription = "We use the microphone so you can practice pronouncing words and sentences aloud. Audio is not stored.";
				INFOPLIST_KEY_NSSpeechRecognitionUsageDescription = "This app uses on-device speech recognition to check your pronunciation.";
				INFOPLIST_KEY_UIApplicationSceneManifest_Generation = YES;
				INFOPLIST_KEY_UIApplicationSupportsIndirectInputEvents = YES;
				INFOPLIST_KEY_UILaunchScreen_Generation = YES;
				INFOPLIST_KEY_UISupportedInterfaceOrientations = UIInterfaceOrientationPortrait;
				INFOPLIST_KEY_UISupportedInterfaceOrientations_iPad = "";
				IPHONEOS_DEPLOYMENT_TARGET = 17.0;
				LD_RUNPATH_SEARCH_PATHS = (
					"$(inherited)",
					"@executable_path/Frameworks",
				);
				MARKETING_VERSION = 1.0;
				PRODUCT_BUNDLE_IDENTIFIER = xyz.eloapp.EloApp;
				PRODUCT_NAME = "$(TARGET_NAME)";
				STRING_CATALOG_GENERATE_SYMBOLS = YES;
				SUPPORTED_PLATFORMS = "iphoneos iphonesimulator";
				SUPPORTS_MACCATALYST = NO;
				SUPPORTS_MAC_DESIGNED_FOR_IPHONE_IPAD = NO;
				SUPPORTS_XR_DESIGNED_FOR_IPHONE_IPAD = NO;
				SWIFT_APPROACHABLE_CONCURRENCY = YES;
				SWIFT_DEFAULT_ACTOR_ISOLATION = MainActor;
				SWIFT_EMIT_LOC_STRINGS = YES;
				SWIFT_UPCOMING_FEATURE_MEMBER_IMPORT_VISIBILITY = YES;
				SWIFT_VERSION = 5.0;
				TARGETED_DEVICE_FAMILY = 1;
			};
			name = Debug;
		};
		927ABE3F2EE0417A005812CB /* Release */ = {
			isa = XCBuildConfiguration;
			buildSettings = {
				ASSETCATALOG_COMPILER_APPICON_NAME = AppIcon;
				ASSETCATALOG_COMPILER_GLOBAL_ACCENT_COLOR_NAME = AccentColor;
				CODE_SIGN_STYLE = Automatic;
				CURRENT_PROJECT_VERSION = 1;
				DEVELOPMENT_TEAM = 7ZX376GC28;
				ENABLE_PREVIEWS = YES;
				GENERATE_INFOPLIST_FILE = YES;
				INFOPLIST_KEY_NSMicrophoneUsageDescription = "We use the microphone so you can practice pronouncing words and sentences aloud. Audio is not stored.";
				INFOPLIST_KEY_NSSpeechRecognitionUsageDescription = "This app uses on-device speech recognition to check your pronunciation.";
				INFOPLIST_KEY_UIApplicationSceneManifest_Generation = YES;
				INFOPLIST_KEY_UIApplicationSupportsIndirectInputEvents = YES;
				INFOPLIST_KEY_UILaunchScreen_Generation = YES;
				INFOPLIST_KEY_UISupportedInterfaceOrientations = UIInterfaceOrientationPortrait;
				INFOPLIST_KEY_UISupportedInterfaceOrientations_iPad = "";
				IPHONEOS_DEPLOYMENT_TARGET = 17.0;
				LD_RUNPATH_SEARCH_PATHS = (
					"$(inherited)",
					"@executable_path/Frameworks",
				);
				MARKETING_VERSION = 1.0;
				PRODUCT_BUNDLE_IDENTIFIER = xyz.eloapp.EloApp;
				PRODUCT_NAME = "$(TARGET_NAME)";
				STRING_CATALOG_GENERATE_SYMBOLS = YES;
				SUPPORTED_PLATFORMS = "iphoneos iphonesimulator";
				SUPPORTS_MACCATALYST = NO;
				SUPPORTS_MAC_DESIGNED_FOR_IPHONE_IPAD = NO;
				SUPPORTS_XR_DESIGNED_FOR_IPHONE_IPAD = NO;
				SWIFT_APPROACHABLE_CONCURRENCY = YES;
				SWIFT_DEFAULT_ACTOR_ISOLATION = MainActor;
				SWIFT_EMIT_LOC_STRINGS = YES;
				SWIFT_UPCOMING_FEATURE_MEMBER_IMPORT_VISIBILITY = YES;
				SWIFT_VERSION = 5.0;
				TARGETED_DEVICE_FAMILY = 1;
			};
			name = Release;
		};
		927ABE412EE0417A005812CB /* Debug */ = {
			isa = XCBuildConfiguration;
			buildSettings = {
				BUNDLE_LOADER = "$(TEST_HOST)";
				CODE_SIGN_STYLE = Automatic;
				CURRENT_PROJECT_VERSION = 1;
				DEVELOPMENT_TEAM = 7ZX376GC28;
				GENERATE_INFOPLIST_FILE = YES;
				IPHONEOS_DEPLOYMENT_TARGET = 26.1;
				MARKETING_VERSION = 1.0;
				PRODUCT_BUNDLE_IDENTIFIER = xyz.eloapp.EloAppTests;
				PRODUCT_NAME = "$(TARGET_NAME)";
				STRING_CATALOG_GENERATE_SYMBOLS = NO;
				SWIFT_APPROACHABLE_CONCURRENCY = YES;
				SWIFT_EMIT_LOC_STRINGS = NO;
				SWIFT_UPCOMING_FEATURE_MEMBER_IMPORT_VISIBILITY = YES;
				SWIFT_VERSION = 5.0;
				TARGETED_DEVICE_FAMILY = "1,2";
				TEST_HOST = "$(BUILT_PRODUCTS_DIR)/EloApp.app/$(BUNDLE_EXECUTABLE_FOLDER_PATH)/EloApp";
			};
			name = Debug;
		};
		927ABE422EE0417A005812CB /* Release */ = {
			isa = XCBuildConfiguration;
			buildSettings = {
				BUNDLE_LOADER = "$(TEST_HOST)";
				CODE_SIGN_STYLE = Automatic;
				CURRENT_PROJECT_VERSION = 1;
				DEVELOPMENT_TEAM = 7ZX376GC28;
				GENERATE_INFOPLIST_FILE = YES;
				IPHONEOS_DEPLOYMENT_TARGET = 26.1;
				MARKETING_VERSION = 1.0;
				PRODUCT_BUNDLE_IDENTIFIER = xyz.eloapp.EloAppTests;
				PRODUCT_NAME = "$(TARGET_NAME)";
				STRING_CATALOG_GENERATE_SYMBOLS = NO;
				SWIFT_APPROACHABLE_CONCURRENCY = YES;
				SWIFT_EMIT_LOC_STRINGS = NO;
				SWIFT_UPCOMING_FEATURE_MEMBER_IMPORT_VISIBILITY = YES;
				SWIFT_VERSION = 5.0;
				TARGETED_DEVICE_FAMILY = "1,2";
				TEST_HOST = "$(BUILT_PRODUCTS_DIR)/EloApp.app/$(BUNDLE_EXECUTABLE_FOLDER_PATH)/EloApp";
			};
			name = Release;
		};
		927ABE442EE0417A005812CB /* Debug */ = {
			isa = XCBuildConfiguration;
			buildSettings = {
				CODE_SIGN_STYLE = Automatic;
				CURRENT_PROJECT_VERSION = 1;
				DEVELOPMENT_TEAM = 7ZX376GC28;
				GENERATE_INFOPLIST_FILE = YES;
				MARKETING_VERSION = 1.0;
				PRODUCT_BUNDLE_IDENTIFIER = xyz.eloapp.EloAppUITests;
				PRODUCT_NAME = "$(TARGET_NAME)";
				STRING_CATALOG_GENERATE_SYMBOLS = NO;
				SWIFT_APPROACHABLE_CONCURRENCY = YES;
				SWIFT_EMIT_LOC_STRINGS = NO;
				SWIFT_UPCOMING_FEATURE_MEMBER_IMPORT_VISIBILITY = YES;
				SWIFT_VERSION = 5.0;
				TARGETED_DEVICE_FAMILY = "1,2";
				TEST_TARGET_NAME = EloApp;
			};
			name = Debug;
		};
		927ABE452EE0417A005812CB /* Release */ = {
			isa = XCBuildConfiguration;
			buildSettings = {
				CODE_SIGN_STYLE = Automatic;
				CURRENT_PROJECT_VERSION = 1;
				DEVELOPMENT_TEAM = 7ZX376GC28;
				GENERATE_INFOPLIST_FILE = YES;
				MARKETING_VERSION = 1.0;
				PRODUCT_BUNDLE_IDENTIFIER = xyz.eloapp.EloAppUITests;
				PRODUCT_NAME = "$(TARGET_NAME)";
				STRING_CATALOG_GENERATE_SYMBOLS = NO;
				SWIFT_APPROACHABLE_CONCURRENCY = YES;
				SWIFT_EMIT_LOC_STRINGS = NO;
				SWIFT_UPCOMING_FEATURE_MEMBER_IMPORT_VISIBILITY = YES;
				SWIFT_VERSION = 5.0;
				TARGETED_DEVICE_FAMILY = "1,2";
				TEST_TARGET_NAME = EloApp;
			};
			name = Release;
		};
/* End XCBuildConfiguration section */

/* Begin XCConfigurationList section */
		927ABE172EE04178005812CB /* Build configuration list for PBXProject "EloApp" */ = {
			isa = XCConfigurationList;
			buildConfigurations = (
				927ABE3B2EE0417A005812CB /* Debug */,
				927ABE3C2EE0417A005812CB /* Release */,
			);
			defaultConfigurationIsVisible = 0;
			defaultConfigurationName = Release;
		};
		927ABE3D2EE0417A005812CB /* Build configuration list for PBXNativeTarget "EloApp" */ = {
			isa = XCConfigurationList;
			buildConfigurations = (
				927ABE3E2EE0417A005812CB /* Debug */,
				927ABE3F2EE0417A005812CB /* Release */,
			);
			defaultConfigurationIsVisible = 0;
			defaultConfigurationName = Release;
		};
		927ABE402EE0417A005812CB /* Build configuration list for PBXNativeTarget "EloAppTests" */ = {
			isa = XCConfigurationList;
			buildConfigurations = (
				927ABE412EE0417A005812CB /* Debug */,
				927ABE422EE0417A005812CB /* Release */,
			);
			defaultConfigurationIsVisible = 0;
			defaultConfigurationName = Release;
		};
		927ABE432EE0417A005812CB /* Build configuration list for PBXNativeTarget "EloAppUITests" */ = {
			isa = XCConfigurationList;
			buildConfigurations = (
				927ABE442EE0417A005812CB /* Debug */,
				927ABE452EE0417A005812CB /* Release */,
			);
			defaultConfigurationIsVisible = 0;
			defaultConfigurationName = Release;
		};
/* End XCConfigurationList section */

/* Begin XCRemoteSwiftPackageReference section */
		921E8B402F0689FE0074FAD6 /* XCRemoteSwiftPackageReference "purchases-ios" */ = {
			isa = XCRemoteSwiftPackageReference;
			repositoryURL = "https://github.com/RevenueCat/purchases-ios.git";
			requirement = {
				kind = upToNextMajorVersion;
				minimumVersion = 5.52.1;
			};
		};
		9299C5E02EE62EE900F0A85E /* XCRemoteSwiftPackageReference "firebase-ios-sdk" */ = {
			isa = XCRemoteSwiftPackageReference;
			repositoryURL = "https://github.com/firebase/firebase-ios-sdk";
			requirement = {
				kind = upToNextMajorVersion;
				minimumVersion = 12.6.0;
			};
		};
/* End XCRemoteSwiftPackageReference section */

/* Begin XCSwiftPackageProductDependency section */
		921E8B412F0689FE0074FAD6 /* RevenueCat */ = {
			isa = XCSwiftPackageProductDependency;
			package = 921E8B402F0689FE0074FAD6 /* XCRemoteSwiftPackageReference "purchases-ios" */;
			productName = RevenueCat;
		};
		9299C5E12EE62EEA00F0A85E /* FirebaseAuth */ = {
			isa = XCSwiftPackageProductDependency;
			package = 9299C5E02EE62EE900F0A85E /* XCRemoteSwiftPackageReference "firebase-ios-sdk" */;
			productName = FirebaseAuth;
		};
		9299C5E32EE62EEA00F0A85E /* FirebaseAuthCombine-Community */ = {
			isa = XCSwiftPackageProductDependency;
			package = 9299C5E02EE62EE900F0A85E /* XCRemoteSwiftPackageReference "firebase-ios-sdk" */;
			productName = "FirebaseAuthCombine-Community";
		};
		9299C5E52EE62EEA00F0A85E /* FirebaseDatabase */ = {
			isa = XCSwiftPackageProductDependency;
			package = 9299C5E02EE62EE900F0A85E /* XCRemoteSwiftPackageReference "firebase-ios-sdk" */;
			productName = FirebaseDatabase;
		};
		9299C5E72EE62EEA00F0A85E /* FirebaseFirestore */ = {
			isa = XCSwiftPackageProductDependency;
			package = 9299C5E02EE62EE900F0A85E /* XCRemoteSwiftPackageReference "firebase-ios-sdk" */;
			productName = FirebaseFirestore;
		};
		9299C5E92EE62EEA00F0A85E /* FirebaseFunctions */ = {
			isa = XCSwiftPackageProductDependency;
			package = 9299C5E02EE62EE900F0A85E /* XCRemoteSwiftPackageReference "firebase-ios-sdk" */;
			productName = FirebaseFunctions;
		};
		9299C5EB2EE62EEA00F0A85E /* FirebaseStorage */ = {
			isa = XCSwiftPackageProductDependency;
			package = 9299C5E02EE62EE900F0A85E /* XCRemoteSwiftPackageReference "firebase-ios-sdk" */;
			productName = FirebaseStorage;
		};
/* End XCSwiftPackageProductDependency section */
	};
	rootObject = 927ABE142EE04178005812CB /* Project object */;
}
